
Microsoft Visual Studio Solution File, Format Version 12.00
Project("{FAE04EC0-301F-11D3-BF4B-00C04F79EFBC}") = "Core.Persistence", "Core.Persistence\Core.Persistence.csproj", "{86DC6EF9-95FE-4293-9FA7-30784DC3AA5C}"
EndProject
Project("{FAE04EC0-301F-11D3-BF4B-00C04F79EFBC}") = "Core.Application", "Core.Application\Core.Application.csproj", "{106C4ED2-43F7-4D32-BBB3-10CA815D606B}"
EndProject
Project("{FAE04EC0-301F-11D3-BF4B-00C04F79EFBC}") = "Core.CrossCuttingConcerns", "Core.CrossCuttingConcerns\Core.CrossCuttingConcerns.csproj", "{445C983A-D63F-4E44-8B5D-A2768FC27F34}"
EndProject
Project("{FAE04EC0-301F-11D3-BF4B-00C04F79EFBC}") = "Core.Security", "Core.Security\Core.Security.csproj", "{8A01BBBC-48EE-414A-8E5A-28425B684D30}"
EndProject
Global
	GlobalSection(SolutionConfigurationPlatforms) = preSolution
		Debug|Any CPU = Debug|Any CPU
		Release|Any CPU = Release|Any CPU
	EndGlobalSection
	GlobalSection(ProjectConfigurationPlatforms) = postSolution
		{86DC6EF9-95FE-4293-9FA7-30784DC3AA5C}.Debug|Any CPU.ActiveCfg = Debug|Any CPU
		{86DC6EF9-95FE-4293-9FA7-30784DC3AA5C}.Debug|Any CPU.Build.0 = Debug|Any CPU
		{86DC6EF9-95FE-4293-9FA7-30784DC3AA5C}.Release|Any CPU.ActiveCfg = Release|Any CPU
		{86DC6EF9-95FE-4293-9FA7-30784DC3AA5C}.Release|Any CPU.Build.0 = Release|Any CPU
		{106C4ED2-43F7-4D32-BBB3-10CA815D606B}.Debug|Any CPU.ActiveCfg = Debug|Any CPU
		{106C4ED2-43F7-4D32-BBB3-10CA815D606B}.Debug|Any CPU.Build.0 = Debug|Any CPU
		{106C4ED2-43F7-4D32-BBB3-10CA815D606B}.Release|Any CPU.ActiveCfg = Release|Any CPU
		{106C4ED2-43F7-4D32-BBB3-10CA815D606B}.Release|Any CPU.Build.0 = Release|Any CPU
		{445C983A-D63F-4E44-8B5D-A2768FC27F34}.Debug|Any CPU.ActiveCfg = Debug|Any CPU
		{445C983A-D63F-4E44-8B5D-A2768FC27F34}.Debug|Any CPU.Build.0 = Debug|Any CPU
		{445C983A-D63F-4E44-8B5D-A2768FC27F34}.Release|Any CPU.ActiveCfg = Release|Any CPU
		{445C983A-D63F-4E44-8B5D-A2768FC27F34}.Release|Any CPU.Build.0 = Release|Any CPU
		{8A01BBBC-48EE-414A-8E5A-28425B684D30}.Debug|Any CPU.ActiveCfg = Debug|Any CPU
		{8A01BBBC-48EE-414A-8E5A-28425B684D30}.Debug|Any CPU.Build.0 = Debug|Any CPU
		{8A01BBBC-48EE-414A-8E5A-28425B684D30}.Release|Any CPU.ActiveCfg = Release|Any CPU
		{8A01BBBC-48EE-414A-8E5A-28425B684D30}.Release|Any CPU.Build.0 = Release|Any CPU
	EndGlobalSection
EndGlobal
